
Microsoft Visual Studio Solution File, Format Version 12.00
Project("{FAE04EC0-301F-11D3-BF4B-00C04F79EFBC}") = "Library.API", "Library.API\Library.API.csproj", "{65E50BE9-2019-458E-8751-9044212790CF}"
EndProject
Project("{FAE04EC0-301F-11D3-BF4B-00C04F79EFBC}") = "Library.Domain", "Library.Domain\Library.Domain.csproj", "{58080B2B-8FA3-4312-AEF1-9340E710A1D1}"
EndProject
Project("{FAE04EC0-301F-11D3-BF4B-00C04F79EFBC}") = "Library.Repository", "Library.Repository\Library.Repository.csproj", "{9BC585B7-1B6C-49E2-B903-29AFF808EE81}"
EndProject
Project("{FAE04EC0-301F-11D3-BF4B-00C04F79EFBC}") = "Library.Contracts", "Library.Contracts\Library.Contracts.csproj", "{EB09E616-9631-4387-A45E-83666E6B9416}"
EndProject
Project("{FAE04EC0-301F-11D3-BF4B-00C04F79EFBC}") = "Library.Service", "Library.Service\Library.Service.csproj", "{020CC18E-5454-4BAC-B16F-9F555432845B}"
EndProject
Project("{FAE04EC0-301F-11D3-BF4B-00C04F79EFBC}") = "Library.Shared", "Library.Shared\Library.Shared.csproj", "{45A52C95-D8E8-4F8A-82D4-1E05D1CA8DC7}"
EndProject
Global
	GlobalSection(SolutionConfigurationPlatforms) = preSolution
		Debug|Any CPU = Debug|Any CPU
		Release|Any CPU = Release|Any CPU
	EndGlobalSection
	GlobalSection(ProjectConfigurationPlatforms) = postSolution
		{65E50BE9-2019-458E-8751-9044212790CF}.Debug|Any CPU.ActiveCfg = Debug|Any CPU
		{65E50BE9-2019-458E-8751-9044212790CF}.Debug|Any CPU.Build.0 = Debug|Any CPU
		{65E50BE9-2019-458E-8751-9044212790CF}.Release|Any CPU.ActiveCfg = Release|Any CPU
		{65E50BE9-2019-458E-8751-9044212790CF}.Release|Any CPU.Build.0 = Release|Any CPU
		{58080B2B-8FA3-4312-AEF1-9340E710A1D1}.Debug|Any CPU.ActiveCfg = Debug|Any CPU
		{58080B2B-8FA3-4312-AEF1-9340E710A1D1}.Debug|Any CPU.Build.0 = Debug|Any CPU
		{58080B2B-8FA3-4312-AEF1-9340E710A1D1}.Release|Any CPU.ActiveCfg = Release|Any CPU
		{58080B2B-8FA3-4312-AEF1-9340E710A1D1}.Release|Any CPU.Build.0 = Release|Any CPU
		{9BC585B7-1B6C-49E2-B903-29AFF808EE81}.Debug|Any CPU.ActiveCfg = Debug|Any CPU
		{9BC585B7-1B6C-49E2-B903-29AFF808EE81}.Debug|Any CPU.Build.0 = Debug|Any CPU
		{9BC585B7-1B6C-49E2-B903-29AFF808EE81}.Release|Any CPU.ActiveCfg = Release|Any CPU
		{9BC585B7-1B6C-49E2-B903-29AFF808EE81}.Release|Any CPU.Build.0 = Release|Any CPU
		{EB09E616-9631-4387-A45E-83666E6B9416}.Debug|Any CPU.ActiveCfg = Debug|Any CPU
		{EB09E616-9631-4387-A45E-83666E6B9416}.Debug|Any CPU.Build.0 = Debug|Any CPU
		{EB09E616-9631-4387-A45E-83666E6B9416}.Release|Any CPU.ActiveCfg = Release|Any CPU
		{EB09E616-9631-4387-A45E-83666E6B9416}.Release|Any CPU.Build.0 = Release|Any CPU
		{020CC18E-5454-4BAC-B16F-9F555432845B}.Debug|Any CPU.ActiveCfg = Debug|Any CPU
		{020CC18E-5454-4BAC-B16F-9F555432845B}.Debug|Any CPU.Build.0 = Debug|Any CPU
		{020CC18E-5454-4BAC-B16F-9F555432845B}.Release|Any CPU.ActiveCfg = Release|Any CPU
		{020CC18E-5454-4BAC-B16F-9F555432845B}.Release|Any CPU.Build.0 = Release|Any CPU
		{45A52C95-D8E8-4F8A-82D4-1E05D1CA8DC7}.Debug|Any CPU.ActiveCfg = Debug|Any CPU
		{45A52C95-D8E8-4F8A-82D4-1E05D1CA8DC7}.Debug|Any CPU.Build.0 = Debug|Any CPU
		{45A52C95-D8E8-4F8A-82D4-1E05D1CA8DC7}.Release|Any CPU.ActiveCfg = Release|Any CPU
		{45A52C95-D8E8-4F8A-82D4-1E05D1CA8DC7}.Release|Any CPU.Build.0 = Release|Any CPU
	EndGlobalSection
EndGlobal
